// !$*UTF8*$!
{
	archiveVersion = 1;
	classes = {
	};
	objectVersion = 55;
	objects = {

/* Begin PBXBuildFile section */
		0A49E90028CAF02E0095A8D4 /* AppDelegate.swift in Sources */ = {isa = PBXBuildFile; fileRef = 0A49E8FF28CAF02E0095A8D4 /* AppDelegate.swift */; };
		0A49E90228CAF02E0095A8D4 /* SceneDelegate.swift in Sources */ = {isa = PBXBuildFile; fileRef = 0A49E90128CAF02E0095A8D4 /* SceneDelegate.swift */; };
		0A49E90428CAF02E0095A8D4 /* ViewController.swift in Sources */ = {isa = PBXBuildFile; fileRef = 0A49E90328CAF02E0095A8D4 /* ViewController.swift */; };
		0A49E90728CAF02E0095A8D4 /* Main.storyboard in Resources */ = {isa = PBXBuildFile; fileRef = 0A49E90528CAF02E0095A8D4 /* Main.storyboard */; };
		0A49E90928CAF0300095A8D4 /* Assets.xcassets in Resources */ = {isa = PBXBuildFile; fileRef = 0A49E90828CAF0300095A8D4 /* Assets.xcassets */; };
		0A49E90C28CAF0300095A8D4 /* LaunchScreen.storyboard in Resources */ = {isa = PBXBuildFile; fileRef = 0A49E90A28CAF0300095A8D4 /* LaunchScreen.storyboard */; };
		0A49E91728CAF0300095A8D4 /* PatchTest3Tests.swift in Sources */ = {isa = PBXBuildFile; fileRef = 0A49E91628CAF0300095A8D4 /* PatchTest3Tests.swift */; };
		0A49E92128CAF0300095A8D4 /* PatchTest3UITests.swift in Sources */ = {isa = PBXBuildFile; fileRef = 0A49E92028CAF0300095A8D4 /* PatchTest3UITests.swift */; };
		0A49E92328CAF0300095A8D4 /* PatchTest3UITestsLaunchTests.swift in Sources */ = {isa = PBXBuildFile; fileRef = 0A49E92228CAF0300095A8D4 /* PatchTest3UITestsLaunchTests.swift */; };
/* End PBXBuildFile section */

/* Begin PBXContainerItemProxy section */
		0A49E91328CAF0300095A8D4 /* PBXContainerItemProxy */ = {
			isa = PBXContainerItemProxy;
			containerPortal = 0A49E8F428CAF02E0095A8D4 /* Project object */;
			proxyType = 1;
			remoteGlobalIDString = 0A49E8FB28CAF02E0095A8D4;
			remoteInfo = PatchTest3;
		};
		0A49E91D28CAF0300095A8D4 /* PBXContainerItemProxy */ = {
			isa = PBXContainerItemProxy;
			containerPortal = 0A49E8F428CAF02E0095A8D4 /* Project object */;
			proxyType = 1;
			remoteGlobalIDString = 0A49E8FB28CAF02E0095A8D4;
			remoteInfo = PatchTest3;
		};
/* End PBXContainerItemProxy section */

/* Begin PBXFileReference section */
		0A49E8FC28CAF02E0095A8D4 /* PatchTest3.app */ = {isa = PBXFileReference; explicitFileType = wrapper.application; includeInIndex = 0; path = PatchTest3.app; sourceTree = BUILT_PRODUCTS_DIR; };
		0A49E8FF28CAF02E0095A8D4 /* AppDelegate.swift */ = {isa = PBXFileReference; lastKnownFileType = sourcecode.swift; path = AppDelegate.swift; sourceTree = "<group>"; };
		0A49E90128CAF02E0095A8D4 /* SceneDelegate.swift */ = {isa = PBXFileReference; lastKnownFileType = sourcecode.swift; path = SceneDelegate.swift; sourceTree = "<group>"; };
		0A49E90328CAF02E0095A8D4 /* ViewController.swift */ = {isa = PBXFileReference; lastKnownFileType = sourcecode.swift; path = ViewController.swift; sourceTree = "<group>"; };
		0A49E90628CAF02E0095A8D4 /* Base */ = {isa = PBXFileReference; lastKnownFileType = file.storyboard; name = Base; path = Base.lproj/Main.storyboard; sourceTree = "<group>"; };
		0A49E90828CAF0300095A8D4 /* Assets.xcassets */ = {isa = PBXFileReference; lastKnownFileType = folder.assetcatalog; path = Assets.xcassets; sourceTree = "<group>"; };
		0A49E90B28CAF0300095A8D4 /* Base */ = {isa = PBXFileReference; lastKnownFileType = file.storyboard; name = Base; path = Base.lproj/LaunchScreen.storyboard; sourceTree = "<group>"; };
		0A49E90D28CAF0300095A8D4 /* Info.plist */ = {isa = PBXFileReference; lastKnownFileType = text.plist.xml; path = Info.plist; sourceTree = "<group>"; };
		0A49E91228CAF0300095A8D4 /* PatchTest3Tests.xctest */ = {isa = PBXFileReference; explicitFileType = wrapper.cfbundle; includeInIndex = 0; path = PatchTest3Tests.xctest; sourceTree = BUILT_PRODUCTS_DIR; };
		0A49E91628CAF0300095A8D4 /* PatchTest3Tests.swift */ = {isa = PBXFileReference; lastKnownFileType = sourcecode.swift; path = PatchTest3Tests.swift; sourceTree = "<group>"; };
		0A49E91C28CAF0300095A8D4 /* PatchTest3UITests.xctest */ = {isa = PBXFileReference; explicitFileType = wrapper.cfbundle; includeInIndex = 0; path = PatchTest3UITests.xctest; sourceTree = BUILT_PRODUCTS_DIR; };
		0A49E92028CAF0300095A8D4 /* PatchTest3UITests.swift */ = {isa = PBXFileReference; lastKnownFileType = sourcecode.swift; path = PatchTest3UITests.swift; sourceTree = "<group>"; };
		0A49E92228CAF0300095A8D4 /* PatchTest3UITestsLaunchTests.swift */ = {isa = PBXFileReference; lastKnownFileType = sourcecode.swift; path = PatchTest3UITestsLaunchTests.swift; sourceTree = "<group>"; };
/* End PBXFileReference section */

/* Begin PBXFrameworksBuildPhase section */
		0A49E8F928CAF02E0095A8D4 /* Frameworks */ = {
			isa = PBXFrameworksBuildPhase;
			buildActionMask = 2147483647;
			files = (
			);
			runOnlyForDeploymentPostprocessing = 0;
		};
		0A49E90F28CAF0300095A8D4 /* Frameworks */ = {
			isa = PBXFrameworksBuildPhase;
			buildActionMask = 2147483647;
			files = (
			);
			runOnlyForDeploymentPostprocessing = 0;
		};
		0A49E91928CAF0300095A8D4 /* Frameworks */ = {
			isa = PBXFrameworksBuildPhase;
			buildActionMask = 2147483647;
			files = (
			);
			runOnlyForDeploymentPostprocessing = 0;
		};
/* End PBXFrameworksBuildPhase section */

/* Begin PBXGroup section */
		0A49E8F328CAF02E0095A8D4 = {
			isa = PBXGroup;
			children = (
				0A49E8FE28CAF02E0095A8D4 /* PatchTest3 */,
				0A49E91528CAF0300095A8D4 /* PatchTest3Tests */,
				0A49E91F28CAF0300095A8D4 /* PatchTest3UITests */,
				0A49E8FD28CAF02E0095A8D4 /* Products */,
			);
			sourceTree = "<group>";
		};
		0A49E8FD28CAF02E0095A8D4 /* Products */ = {
			isa = PBXGroup;
			children = (
				0A49E8FC28CAF02E0095A8D4 /* PatchTest3.app */,
				0A49E91228CAF0300095A8D4 /* PatchTest3Tests.xctest */,
				0A49E91C28CAF0300095A8D4 /* PatchTest3UITests.xctest */,
			);
			name = Products;
			sourceTree = "<group>";
		};
		0A49E8FE28CAF02E0095A8D4 /* PatchTest3 */ = {
			isa = PBXGroup;
			children = (
				0A49E8FF28CAF02E0095A8D4 /* AppDelegate.swift */,
				0A49E90128CAF02E0095A8D4 /* SceneDelegate.swift */,
				0A49E90328CAF02E0095A8D4 /* ViewController.swift */,
				0A49E90528CAF02E0095A8D4 /* Main.storyboard */,
				0A49E90828CAF0300095A8D4 /* Assets.xcassets */,
				0A49E90A28CAF0300095A8D4 /* LaunchScreen.storyboard */,
				0A49E90D28CAF0300095A8D4 /* Info.plist */,
			);
			path = PatchTest3;
			sourceTree = "<group>";
		};
		0A49E91528CAF0300095A8D4 /* PatchTest3Tests */ = {
			isa = PBXGroup;
			children = (
				0A49E91628CAF0300095A8D4 /* PatchTest3Tests.swift */,
			);
			path = PatchTest3Tests;
			sourceTree = "<group>";
		};
		0A49E91F28CAF0300095A8D4 /* PatchTest3UITests */ = {
			isa = PBXGroup;
			children = (
				0A49E92028CAF0300095A8D4 /* PatchTest3UITests.swift */,
				0A49E92228CAF0300095A8D4 /* PatchTest3UITestsLaunchTests.swift */,
			);
			path = PatchTest3UITests;
			sourceTree = "<group>";
		};
/* End PBXGroup section */

/* Begin PBXNativeTarget section */
		0A49E8FB28CAF02E0095A8D4 /* PatchTest3 */ = {
			isa = PBXNativeTarget;
			buildConfigurationList = 0A49E92628CAF0300095A8D4 /* Build configuration list for PBXNativeTarget "PatchTest3" */;
			buildPhases = (
				0A49E8F828CAF02E0095A8D4 /* Sources */,
				0A49E8F928CAF02E0095A8D4 /* Frameworks */,
				0A49E8FA28CAF02E0095A8D4 /* Resources */,
			);
			buildRules = (
			);
			dependencies = (
			);
			name = PatchTest3;
			productName = PatchTest3;
			productReference = 0A49E8FC28CAF02E0095A8D4 /* PatchTest3.app */;
			productType = "com.apple.product-type.application";
		};
		0A49E91128CAF0300095A8D4 /* PatchTest3Tests */ = {
			isa = PBXNativeTarget;
			buildConfigurationList = 0A49E92928CAF0300095A8D4 /* Build configuration list for PBXNativeTarget "PatchTest3Tests" */;
			buildPhases = (
				0A49E90E28CAF0300095A8D4 /* Sources */,
				0A49E90F28CAF0300095A8D4 /* Frameworks */,
				0A49E91028CAF0300095A8D4 /* Resources */,
			);
			buildRules = (
			);
			dependencies = (
				0A49E91428CAF0300095A8D4 /* PBXTargetDependency */,
			);
			name = PatchTest3Tests;
			productName = PatchTest3Tests;
			productReference = 0A49E91228CAF0300095A8D4 /* PatchTest3Tests.xctest */;
			productType = "com.apple.product-type.bundle.unit-test";
		};
		0A49E91B28CAF0300095A8D4 /* PatchTest3UITests */ = {
			isa = PBXNativeTarget;
			buildConfigurationList = 0A49E92C28CAF0300095A8D4 /* Build configuration list for PBXNativeTarget "PatchTest3UITests" */;
			buildPhases = (
				0A49E91828CAF0300095A8D4 /* Sources */,
				0A49E91928CAF0300095A8D4 /* Frameworks */,
				0A49E91A28CAF0300095A8D4 /* Resources */,
			);
			buildRules = (
			);
			dependencies = (
				0A49E91E28CAF0300095A8D4 /* PBXTargetDependency */,
			);
			name = PatchTest3UITests;
			productName = PatchTest3UITests;
			productReference = 0A49E91C28CAF0300095A8D4 /* PatchTest3UITests.xctest */;
			productType = "com.apple.product-type.bundle.ui-testing";
		};
/* End PBXNativeTarget section */

/* Begin PBXProject section */
		0A49E8F428CAF02E0095A8D4 /* Project object */ = {
			isa = PBXProject;
			attributes = {
				BuildIndependentTargetsInParallel = 1;
				LastSwiftUpdateCheck = 1320;
				LastUpgradeCheck = 1320;
				TargetAttributes = {
					0A49E8FB28CAF02E0095A8D4 = {
						CreatedOnToolsVersion = 13.2.1;
					};
					0A49E91128CAF0300095A8D4 = {
						CreatedOnToolsVersion = 13.2.1;
						TestTargetID = 0A49E8FB28CAF02E0095A8D4;
					};
					0A49E91B28CAF0300095A8D4 = {
						CreatedOnToolsVersion = 13.2.1;
						TestTargetID = 0A49E8FB28CAF02E0095A8D4;
					};
				};
			};
			buildConfigurationList = 0A49E8F728CAF02E0095A8D4 /* Build configuration list for PBXProject "PatchTest3" */;
			compatibilityVersion = "Xcode 13.0";
			developmentRegion = en;
			hasScannedForEncodings = 0;
			knownRegions = (
				en,
				Base,
			);
			mainGroup = 0A49E8F328CAF02E0095A8D4;
			productRefGroup = 0A49E8FD28CAF02E0095A8D4 /* Products */;
			projectDirPath = "";
			projectRoot = "";
			targets = (
				0A49E8FB28CAF02E0095A8D4 /* PatchTest3 */,
				0A49E91128CAF0300095A8D4 /* PatchTest3Tests */,
				0A49E91B28CAF0300095A8D4 /* PatchTest3UITests */,
			);
		};
/* End PBXProject section */

/* Begin PBXResourcesBuildPhase section */
		0A49E8FA28CAF02E0095A8D4 /* Resources */ = {
			isa = PBXResourcesBuildPhase;
			buildActionMask = 2147483647;
			files = (
				0A49E90C28CAF0300095A8D4 /* LaunchScreen.storyboard in Resources */,
				0A49E90928CAF0300095A8D4 /* Assets.xcassets in Resources */,
				0A49E90728CAF02E0095A8D4 /* Main.storyboard in Resources */,
			);
			runOnlyForDeploymentPostprocessing = 0;
		};
		0A49E91028CAF0300095A8D4 /* Resources */ = {
			isa = PBXResourcesBuildPhase;
			buildActionMask = 2147483647;
			files = (
			);
			runOnlyForDeploymentPostprocessing = 0;
		};
		0A49E91A28CAF0300095A8D4 /* Resources */ = {
			isa = PBXResourcesBuildPhase;
			buildActionMask = 2147483647;
			files = (
			);
			runOnlyForDeploymentPostprocessing = 0;
		};
/* End PBXResourcesBuildPhase section */

/* Begin PBXSourcesBuildPhase section */
		0A49E8F828CAF02E0095A8D4 /* Sources */ = {
			isa = PBXSourcesBuildPhase;
			buildActionMask = 2147483647;
			files = (
				0A49E90428CAF02E0095A8D4 /* ViewController.swift in Sources */,
				0A49E90028CAF02E0095A8D4 /* AppDelegate.swift in Sources */,
				0A49E90228CAF02E0095A8D4 /* SceneDelegate.swift in Sources */,
			);
			runOnlyForDeploymentPostprocessing = 0;
		};
		0A49E90E28CAF0300095A8D4 /* Sources */ = {
			isa = PBXSourcesBuildPhase;
			buildActionMask = 2147483647;
			files = (
				0A49E91728CAF0300095A8D4 /* PatchTest3Tests.swift in Sources */,
			);
			runOnlyForDeploymentPostprocessing = 0;
		};
		0A49E91828CAF0300095A8D4 /* Sources */ = {
			isa = PBXSourcesBuildPhase;
			buildActionMask = 2147483647;
			files = (
				0A49E92128CAF0300095A8D4 /* PatchTest3UITests.swift in Sources */,
				0A49E92328CAF0300095A8D4 /* PatchTest3UITestsLaunchTests.swift in Sources */,
			);
			runOnlyForDeploymentPostprocessing = 0;
		};
/* End PBXSourcesBuildPhase section */

/* Begin PBXTargetDependency section */
		0A49E91428CAF0300095A8D4 /* PBXTargetDependency */ = {
			isa = PBXTargetDependency;
			target = 0A49E8FB28CAF02E0095A8D4 /* PatchTest3 */;
			targetProxy = 0A49E91328CAF0300095A8D4 /* PBXContainerItemProxy */;
		};
		0A49E91E28CAF0300095A8D4 /* PBXTargetDependency */ = {
			isa = PBXTargetDependency;
			target = 0A49E8FB28CAF02E0095A8D4 /* PatchTest3 */;
			targetProxy = 0A49E91D28CAF0300095A8D4 /* PBXContainerItemProxy */;
		};
/* End PBXTargetDependency section */

/* Begin PBXVariantGroup section */
		0A49E90528CAF02E0095A8D4 /* Main.storyboard */ = {
			isa = PBXVariantGroup;
			children = (
				0A49E90628CAF02E0095A8D4 /* Base */,
			);
			name = Main.storyboard;
			sourceTree = "<group>";
		};
		0A49E90A28CAF0300095A8D4 /* LaunchScreen.storyboard */ = {
			isa = PBXVariantGroup;
			children = (
				0A49E90B28CAF0300095A8D4 /* Base */,
			);
			name = LaunchScreen.storyboard;
			sourceTree = "<group>";
		};
/* End PBXVariantGroup section */

/* Begin XCBuildConfiguration section */
		0A49E92428CAF0300095A8D4 /* Debug */ = {
			isa = XCBuildConfiguration;
			buildSettings = {
				ALWAYS_SEARCH_USER_PATHS = NO;
				CLANG_ANALYZER_NONNULL = YES;
				CLANG_ANALYZER_NUMBER_OBJECT_CONVERSION = YES_AGGRESSIVE;
				CLANG_CXX_LANGUAGE_STANDARD = "gnu++17";
				CLANG_CXX_LIBRARY = "libc++";
				CLANG_ENABLE_MODULES = YES;
				CLANG_ENABLE_OBJC_ARC = YES;
				CLANG_ENABLE_OBJC_WEAK = YES;
				CLANG_WARN_BLOCK_CAPTURE_AUTORELEASING = YES;
				CLANG_WARN_BOOL_CONVERSION = YES;
				CLANG_WARN_COMMA = YES;
				CLANG_WARN_CONSTANT_CONVERSION = YES;
				CLANG_WARN_DEPRECATED_OBJC_IMPLEMENTATIONS = YES;
				CLANG_WARN_DIRECT_OBJC_ISA_USAGE = YES_ERROR;
				CLANG_WARN_DOCUMENTATION_COMMENTS = YES;
				CLANG_WARN_EMPTY_BODY = YES;
				CLANG_WARN_ENUM_CONVERSION = YES;
				CLANG_WARN_INFINITE_RECURSION = YES;
				CLANG_WARN_INT_CONVERSION = YES;
				CLANG_WARN_NON_LITERAL_NULL_CONVERSION = YES;
				CLANG_WARN_OBJC_IMPLICIT_RETAIN_SELF = YES;
				CLANG_WARN_OBJC_LITERAL_CONVERSION = YES;
				CLANG_WARN_OBJC_ROOT_CLASS = YES_ERROR;
				CLANG_WARN_QUOTED_INCLUDE_IN_FRAMEWORK_HEADER = YES;
				CLANG_WARN_RANGE_LOOP_ANALYSIS = YES;
				CLANG_WARN_STRICT_PROTOTYPES = YES;
				CLANG_WARN_SUSPICIOUS_MOVE = YES;
				CLANG_WARN_UNGUARDED_AVAILABILITY = YES_AGGRESSIVE;
				CLANG_WARN_UNREACHABLE_CODE = YES;
				CLANG_WARN__DUPLICATE_METHOD_MATCH = YES;
				COPY_PHASE_STRIP = NO;
				DEBUG_INFORMATION_FORMAT = dwarf;
				ENABLE_STRICT_OBJC_MSGSEND = YES;
				ENABLE_TESTABILITY = YES;
				GCC_C_LANGUAGE_STANDARD = gnu11;
				GCC_DYNAMIC_NO_PIC = NO;
				GCC_NO_COMMON_BLOCKS = YES;
				GCC_OPTIMIZATION_LEVEL = 0;
				GCC_PREPROCESSOR_DEFINITIONS = (
					"DEBUG=1",
					"$(inherited)",
				);
				GCC_WARN_64_TO_32_BIT_CONVERSION = YES;
				GCC_WARN_ABOUT_RETURN_TYPE = YES_ERROR;
				GCC_WARN_UNDECLARED_SELECTOR = YES;
				GCC_WARN_UNINITIALIZED_AUTOS = YES_AGGRESSIVE;
				GCC_WARN_UNUSED_FUNCTION = YES;
				GCC_WARN_UNUSED_VARIABLE = YES;
				IPHONEOS_DEPLOYMENT_TARGET = 15.2;
				MTL_ENABLE_DEBUG_INFO = INCLUDE_SOURCE;
				MTL_FAST_MATH = YES;
				ONLY_ACTIVE_ARCH = YES;
				SDKROOT = iphoneos;
				SWIFT_ACTIVE_COMPILATION_CONDITIONS = DEBUG;
				SWIFT_OPTIMIZATION_LEVEL = "-Onone";
			};
			name = Debug;
		};
		0A49E92528CAF0300095A8D4 /* Release */ = {
			isa = XCBuildConfiguration;
			buildSettings = {
				ALWAYS_SEARCH_USER_PATHS = NO;
				CLANG_ANALYZER_NONNULL = YES;
				CLANG_ANALYZER_NUMBER_OBJECT_CONVERSION = YES_AGGRESSIVE;
				CLANG_CXX_LANGUAGE_STANDARD = "gnu++17";
				CLANG_CXX_LIBRARY = "libc++";
				CLANG_ENABLE_MODULES = YES;
				CLANG_ENABLE_OBJC_ARC = YES;
				CLANG_ENABLE_OBJC_WEAK = YES;
				CLANG_WARN_BLOCK_CAPTURE_AUTORELEASING = YES;
				CLANG_WARN_BOOL_CONVERSION = YES;
				CLANG_WARN_COMMA = YES;
				CLANG_WARN_CONSTANT_CONVERSION = YES;
				CLANG_WARN_DEPRECATED_OBJC_IMPLEMENTATIONS = YES;
				CLANG_WARN_DIRECT_OBJC_ISA_USAGE = YES_ERROR;
				CLANG_WARN_DOCUMENTATION_COMMENTS = YES;
				CLANG_WARN_EMPTY_BODY = YES;
				CLANG_WARN_ENUM_CONVERSION = YES;
				CLANG_WARN_INFINITE_RECURSION = YES;
				CLANG_WARN_INT_CONVERSION = YES;
				CLANG_WARN_NON_LITERAL_NULL_CONVERSION = YES;
				CLANG_WARN_OBJC_IMPLICIT_RETAIN_SELF = YES;
				CLANG_WARN_OBJC_LITERAL_CONVERSION = YES;
				CLANG_WARN_OBJC_ROOT_CLASS = YES_ERROR;
				CLANG_WARN_QUOTED_INCLUDE_IN_FRAMEWORK_HEADER = YES;
				CLANG_WARN_RANGE_LOOP_ANALYSIS = YES;
				CLANG_WARN_STRICT_PROTOTYPES = YES;
				CLANG_WARN_SUSPICIOUS_MOVE = YES;
				CLANG_WARN_UNGUARDED_AVAILABILITY = YES_AGGRESSIVE;
				CLANG_WARN_UNREACHABLE_CODE = YES;
				CLANG_WARN__DUPLICATE_METHOD_MATCH = YES;
				COPY_PHASE_STRIP = NO;
				DEBUG_INFORMATION_FORMAT = "dwarf-with-dsym";
				ENABLE_NS_ASSERTIONS = NO;
				ENABLE_STRICT_OBJC_MSGSEND = YES;
				GCC_C_LANGUAGE_STANDARD = gnu11;
				GCC_NO_COMMON_BLOCKS = YES;
				GCC_WARN_64_TO_32_BIT_CONVERSION = YES;
				GCC_WARN_ABOUT_RETURN_TYPE = YES_ERROR;
				GCC_WARN_UNDECLARED_SELECTOR = YES;
				GCC_WARN_UNINITIALIZED_AUTOS = YES_AGGRESSIVE;
				GCC_WARN_UNUSED_FUNCTION = YES;
				GCC_WARN_UNUSED_VARIABLE = YES;
				IPHONEOS_DEPLOYMENT_TARGET = 15.2;
				MTL_ENABLE_DEBUG_INFO = NO;
				MTL_FAST_MATH = YES;
				SDKROOT = iphoneos;
				SWIFT_COMPILATION_MODE = wholemodule;
				SWIFT_OPTIMIZATION_LEVEL = "-O";
				VALIDATE_PRODUCT = YES;
			};
			name = Release;
		};
		0A49E92728CAF0300095A8D4 /* Debug */ = {
			isa = XCBuildConfiguration;
			buildSettings = {
				ASSETCATALOG_COMPILER_APPICON_NAME = AppIcon;
				ASSETCATALOG_COMPILER_GLOBAL_ACCENT_COLOR_NAME = AccentColor;
				CODE_SIGN_STYLE = Automatic;
				CURRENT_PROJECT_VERSION = 1;
				GENERATE_INFOPLIST_FILE = YES;
				INFOPLIST_FILE = PatchTest3/Info.plist;
				INFOPLIST_KEY_UIApplicationSupportsIndirectInputEvents = YES;
				INFOPLIST_KEY_UILaunchStoryboardName = LaunchScreen;
				INFOPLIST_KEY_UIMainStoryboardFile = Main;
				INFOPLIST_KEY_UISupportedInterfaceOrientations_iPad = "UIInterfaceOrientationPortrait UIInterfaceOrientationPortraitUpsideDown UIInterfaceOrientationLandscapeLeft UIInterfaceOrientationLandscapeRight";
				INFOPLIST_KEY_UISupportedInterfaceOrientations_iPhone = "UIInterfaceOrientationPortrait UIInterfaceOrientationLandscapeLeft UIInterfaceOrientationLandscapeRight";
				LD_RUNPATH_SEARCH_PATHS = (
					"$(inherited)",
					"@executable_path/Frameworks",
				);
				MARKETING_VERSION = 1.0;
				PRODUCT_BUNDLE_IDENTIFIER = htc.PatchTest3;
				PRODUCT_NAME = "$(TARGET_NAME)";
				SWIFT_EMIT_LOC_STRINGS = YES;
				SWIFT_VERSION = 5.0;
				TARGETED_DEVICE_FAMILY = "1,2";
			};
			name = Debug;
		};
		0A49E92828CAF0300095A8D4 /* Release */ = {
			isa = XCBuildConfiguration;
			buildSettings = {
				ASSETCATALOG_COMPILER_APPICON_NAME = AppIcon;
				ASSETCATALOG_COMPILER_GLOBAL_ACCENT_COLOR_NAME = AccentColor;
				CODE_SIGN_STYLE = Automatic;
				CURRENT_PROJECT_VERSION = 1;
				GENERATE_INFOPLIST_FILE = YES;
				INFOPLIST_FILE = PatchTest3/Info.plist;
				INFOPLIST_KEY_UIApplicationSupportsIndirectInputEvents = YES;
				INFOPLIST_KEY_UILaunchStoryboardName = LaunchScreen;
				INFOPLIST_KEY_UIMainStoryboardFile = Main;
				INFOPLIST_KEY_UISupportedInterfaceOrientations_iPad = "UIInterfaceOrientationPortrait UIInterfaceOrientationPortraitUpsideDown UIInterfaceOrientationLandscapeLeft UIInterfaceOrientationLandscapeRight";
				INFOPLIST_KEY_UISupportedInterfaceOrientations_iPhone = "UIInterfaceOrientationPortrait UIInterfaceOrientationLandscapeLeft UIInterfaceOrientationLandscapeRight";
				LD_RUNPATH_SEARCH_PATHS = (
					"$(inherited)",
					"@executable_path/Frameworks",
				);
				MARKETING_VERSION = 1.0;
				PRODUCT_BUNDLE_IDENTIFIER = htc.PatchTest3;
				PRODUCT_NAME = "$(TARGET_NAME)";
				SWIFT_EMIT_LOC_STRINGS = YES;
				SWIFT_VERSION = 5.0;
				TARGETED_DEVICE_FAMILY = "1,2";
			};
			name = Release;
		};
		0A49E92A28CAF0300095A8D4 /* Debug */ = {
			isa = XCBuildConfiguration;
			buildSettings = {
				ALWAYS_EMBED_SWIFT_STANDARD_LIBRARIES = YES;
				BUNDLE_LOADER = "$(TEST_HOST)";
				CODE_SIGN_STYLE = Automatic;
				CURRENT_PROJECT_VERSION = 1;
				GENERATE_INFOPLIST_FILE = YES;
				IPHONEOS_DEPLOYMENT_TARGET = 15.2;
				MARKETING_VERSION = 1.0;
				PRODUCT_BUNDLE_IDENTIFIER = htc.PatchTest3Tests;
				PRODUCT_NAME = "$(TARGET_NAME)";
				SWIFT_EMIT_LOC_STRINGS = NO;
				SWIFT_VERSION = 5.0;
				TARGETED_DEVICE_FAMILY = "1,2";
				TEST_HOST = "$(BUILT_PRODUCTS_DIR)/PatchTest3.app/PatchTest3";
			};
			name = Debug;
		};
		0A49E92B28CAF0300095A8D4 /* Release */ = {
			isa = XCBuildConfiguration;
			buildSettings = {
				ALWAYS_EMBED_SWIFT_STANDARD_LIBRARIES = YES;
				BUNDLE_LOADER = "$(TEST_HOST)";
				CODE_SIGN_STYLE = Automatic;
				CURRENT_PROJECT_VERSION = 1;
				GENERATE_INFOPLIST_FILE = YES;
				IPHONEOS_DEPLOYMENT_TARGET = 15.2;
				MARKETING_VERSION = 1.0;
				PRODUCT_BUNDLE_IDENTIFIER = htc.PatchTest3Tests;
				PRODUCT_NAME = "$(TARGET_NAME)";
				SWIFT_EMIT_LOC_STRINGS = NO;
				SWIFT_VERSION = 5.0;
				TARGETED_DEVICE_FAMILY = "1,2";
				TEST_HOST = "$(BUILT_PRODUCTS_DIR)/PatchTest3.app/PatchTest3";
			};
			name = Release;
		};
		0A49E92D28CAF0300095A8D4 /* Debug */ = {
			isa = XCBuildConfiguration;
			buildSettings = {
				ALWAYS_EMBED_SWIFT_STANDARD_LIBRARIES = YES;
				CODE_SIGN_STYLE = Automatic;
				CURRENT_PROJECT_VERSION = 1;
				GENERATE_INFOPLIST_FILE = YES;
				MARKETING_VERSION = 1.0;
				PRODUCT_BUNDLE_IDENTIFIER = htc.PatchTest3UITests;
				PRODUCT_NAME = "$(TARGET_NAME)";
				SWIFT_EMIT_LOC_STRINGS = NO;
				SWIFT_VERSION = 5.0;
				TARGETED_DEVICE_FAMILY = "1,2";
				TEST_TARGET_NAME = PatchTest3;
			};
			name = Debug;
		};
		0A49E92E28CAF0300095A8D4 /* Release */ = {
			isa = XCBuildConfiguration;
			buildSettings = {
				ALWAYS_EMBED_SWIFT_STANDARD_LIBRARIES = YES;
				CODE_SIGN_STYLE = Automatic;
				CURRENT_PROJECT_VERSION = 1;
				GENERATE_INFOPLIST_FILE = YES;
				MARKETING_VERSION = 1.0;
				PRODUCT_BUNDLE_IDENTIFIER = htc.PatchTest3UITests;
				PRODUCT_NAME = "$(TARGET_NAME)";
				SWIFT_EMIT_LOC_STRINGS = NO;
				SWIFT_VERSION = 5.0;
				TARGETED_DEVICE_FAMILY = "1,2";
				TEST_TARGET_NAME = PatchTest3;
			};
			name = Release;
		};
/* End XCBuildConfiguration section */

/* Begin XCConfigurationList section */
		0A49E8F728CAF02E0095A8D4 /* Build configuration list for PBXProject "PatchTest3" */ = {
			isa = XCConfigurationList;
			buildConfigurations = (
				0A49E92428CAF0300095A8D4 /* Debug */,
				0A49E92528CAF0300095A8D4 /* Release */,
			);
			defaultConfigurationIsVisible = 0;
			defaultConfigurationName = Release;
		};
		0A49E92628CAF0300095A8D4 /* Build configuration list for PBXNativeTarget "PatchTest3" */ = {
			isa = XCConfigurationList;
			buildConfigurations = (
				0A49E92728CAF0300095A8D4 /* Debug */,
				0A49E92828CAF0300095A8D4 /* Release */,
			);
			defaultConfigurationIsVisible = 0;
			defaultConfigurationName = Release;
		};
		0A49E92928CAF0300095A8D4 /* Build configuration list for PBXNativeTarget "PatchTest3Tests" */ = {
			isa = XCConfigurationList;
			buildConfigurations = (
				0A49E92A28CAF0300095A8D4 /* Debug */,
				0A49E92B28CAF0300095A8D4 /* Release */,
			);
			defaultConfigurationIsVisible = 0;
			defaultConfigurationName = Release;
		};
		0A49E92C28CAF0300095A8D4 /* Build configuration list for PBXNativeTarget "PatchTest3UITests" */ = {
			isa = XCConfigurationList;
			buildConfigurations = (
				0A49E92D28CAF0300095A8D4 /* Debug */,
				0A49E92E28CAF0300095A8D4 /* Release */,
			);
			defaultConfigurationIsVisible = 0;
			defaultConfigurationName = Release;
		};
/* End XCConfigurationList section */
	};
	rootObject = 0A49E8F428CAF02E0095A8D4 /* Project object */;
}
